
Microsoft Visual Studio Solution File, Format Version 12.00
# Visual Studio Version 17
VisualStudioVersion = 17.7.34031.279
MinimumVisualStudioVersion = 10.0.40219.1
Project("{FAE04EC0-301F-11D3-BF4B-00C04F79EFBC}") = "BookingRoom.API", "BookingRoom.API\BookingRoom.API.csproj", "{7FF5A926-325C-4BB1-8327-D17F4381046F}"
	ProjectSection(ProjectDependencies) = postProject
		{4B5F270C-1CD0-4D2F-BA88-22F38FABE368} = {4B5F270C-1CD0-4D2F-BA88-22F38FABE368}
		{4C1D97B4-0E78-4948-B045-9C6DA8F77F27} = {4C1D97B4-0E78-4948-B045-9C6DA8F77F27}
		{7FFF72C7-0EC6-462B-BC49-87243EEBC7C6} = {7FFF72C7-0EC6-462B-BC49-87243EEBC7C6}
		{9E16B308-D681-4C97-B449-06050E574BAE} = {9E16B308-D681-4C97-B449-06050E574BAE}
		{C24F473B-4442-4990-B87D-A8724CA63720} = {C24F473B-4442-4990-B87D-A8724CA63720}
	EndProjectSection
EndProject
Project("{FAE04EC0-301F-11D3-BF4B-00C04F79EFBC}") = "BookingRoom.Common.Entity", "BookingRoom.Common.Entity\BookingRoom.Common.Entity.csproj", "{CC8F9C39-F1A0-4B6E-B075-17636887C585}"
EndProject
Project("{FAE04EC0-301F-11D3-BF4B-00C04F79EFBC}") = "BookingRoom.Context", "BookingRoom.Context\BookingRoom.Context.csproj", "{9E16B308-D681-4C97-B449-06050E574BAE}"
	ProjectSection(ProjectDependencies) = postProject
		{5161F041-B57C-4CE1-B922-7311B50842F2} = {5161F041-B57C-4CE1-B922-7311B50842F2}
		{5FACD627-F52A-43C5-94B0-5814A21AE55E} = {5FACD627-F52A-43C5-94B0-5814A21AE55E}
		{CC8F9C39-F1A0-4B6E-B075-17636887C585} = {CC8F9C39-F1A0-4B6E-B075-17636887C585}
	EndProjectSection
EndProject
Project("{FAE04EC0-301F-11D3-BF4B-00C04F79EFBC}") = "BookingRoom.Context.Contracts", "BookingRoom.Context.Contracts\BookingRoom.Context.Contracts.csproj", "{5161F041-B57C-4CE1-B922-7311B50842F2}"
	ProjectSection(ProjectDependencies) = postProject
		{CC8F9C39-F1A0-4B6E-B075-17636887C585} = {CC8F9C39-F1A0-4B6E-B075-17636887C585}
	EndProjectSection
EndProject
Project("{FAE04EC0-301F-11D3-BF4B-00C04F79EFBC}") = "BookingRoom.Context.Contracts.Configuration", "BookingRoom.Context.Contracts.Configuration\BookingRoom.Context.Contracts.Configuration.csproj", "{5FACD627-F52A-43C5-94B0-5814A21AE55E}"
	ProjectSection(ProjectDependencies) = postProject
		{5161F041-B57C-4CE1-B922-7311B50842F2} = {5161F041-B57C-4CE1-B922-7311B50842F2}
	EndProjectSection
EndProject
Project("{FAE04EC0-301F-11D3-BF4B-00C04F79EFBC}") = "BookingRoom.General", "BookingRoom.General\BookingRoom.General.csproj", "{7FFF72C7-0EC6-462B-BC49-87243EEBC7C6}"
EndProject
Project("{FAE04EC0-301F-11D3-BF4B-00C04F79EFBC}") = "BookingRoom.Repositories", "BookingRoom.Repositories\BookingRoom.Repositories.csproj", "{4B5F270C-1CD0-4D2F-BA88-22F38FABE368}"
	ProjectSection(ProjectDependencies) = postProject
		{4C1D97B4-0E78-4948-B045-9C6DA8F77F27} = {4C1D97B4-0E78-4948-B045-9C6DA8F77F27}
		{7FFF72C7-0EC6-462B-BC49-87243EEBC7C6} = {7FFF72C7-0EC6-462B-BC49-87243EEBC7C6}
	EndProjectSection
EndProject
Project("{FAE04EC0-301F-11D3-BF4B-00C04F79EFBC}") = "BookingRoom.Repositories.Contracts", "BookingRoom.Repositories.Contracts\BookingRoom.Repositories.Contracts.csproj", "{4C1D97B4-0E78-4948-B045-9C6DA8F77F27}"
	ProjectSection(ProjectDependencies) = postProject
		{5161F041-B57C-4CE1-B922-7311B50842F2} = {5161F041-B57C-4CE1-B922-7311B50842F2}
	EndProjectSection
EndProject
Project("{FAE04EC0-301F-11D3-BF4B-00C04F79EFBC}") = "BookingRoom.Services", "BookingRoom.Services\BookingRoom.Services.csproj", "{C24F473B-4442-4990-B87D-A8724CA63720}"
	ProjectSection(ProjectDependencies) = postProject
		{4C1D97B4-0E78-4948-B045-9C6DA8F77F27} = {4C1D97B4-0E78-4948-B045-9C6DA8F77F27}
		{5161F041-B57C-4CE1-B922-7311B50842F2} = {5161F041-B57C-4CE1-B922-7311B50842F2}
		{7FFF72C7-0EC6-462B-BC49-87243EEBC7C6} = {7FFF72C7-0EC6-462B-BC49-87243EEBC7C6}
		{A8D34213-3B21-4C15-8BD1-9FD3006B4FF0} = {A8D34213-3B21-4C15-8BD1-9FD3006B4FF0}
	EndProjectSection
EndProject
Project("{FAE04EC0-301F-11D3-BF4B-00C04F79EFBC}") = "BookingRoom.Services.Contracts", "BookingRoom.Services.Contracts\BookingRoom.Services.Contracts.csproj", "{A8D34213-3B21-4C15-8BD1-9FD3006B4FF0}"
	ProjectSection(ProjectDependencies) = postProject
		{7FFF72C7-0EC6-462B-BC49-87243EEBC7C6} = {7FFF72C7-0EC6-462B-BC49-87243EEBC7C6}
	EndProjectSection
EndProject
Global
	GlobalSection(SolutionConfigurationPlatforms) = preSolution
		Debug|Any CPU = Debug|Any CPU
		Release|Any CPU = Release|Any CPU
	EndGlobalSection
	GlobalSection(ProjectConfigurationPlatforms) = postSolution
		{7FF5A926-325C-4BB1-8327-D17F4381046F}.Debug|Any CPU.ActiveCfg = Debug|Any CPU
		{7FF5A926-325C-4BB1-8327-D17F4381046F}.Debug|Any CPU.Build.0 = Debug|Any CPU
		{7FF5A926-325C-4BB1-8327-D17F4381046F}.Release|Any CPU.ActiveCfg = Release|Any CPU
		{7FF5A926-325C-4BB1-8327-D17F4381046F}.Release|Any CPU.Build.0 = Release|Any CPU
		{CC8F9C39-F1A0-4B6E-B075-17636887C585}.Debug|Any CPU.ActiveCfg = Debug|Any CPU
		{CC8F9C39-F1A0-4B6E-B075-17636887C585}.Debug|Any CPU.Build.0 = Debug|Any CPU
		{CC8F9C39-F1A0-4B6E-B075-17636887C585}.Release|Any CPU.ActiveCfg = Release|Any CPU
		{CC8F9C39-F1A0-4B6E-B075-17636887C585}.Release|Any CPU.Build.0 = Release|Any CPU
		{9E16B308-D681-4C97-B449-06050E574BAE}.Debug|Any CPU.ActiveCfg = Debug|Any CPU
		{9E16B308-D681-4C97-B449-06050E574BAE}.Debug|Any CPU.Build.0 = Debug|Any CPU
		{9E16B308-D681-4C97-B449-06050E574BAE}.Release|Any CPU.ActiveCfg = Release|Any CPU
		{9E16B308-D681-4C97-B449-06050E574BAE}.Release|Any CPU.Build.0 = Release|Any CPU
		{5161F041-B57C-4CE1-B922-7311B50842F2}.Debug|Any CPU.ActiveCfg = Debug|Any CPU
		{5161F041-B57C-4CE1-B922-7311B50842F2}.Debug|Any CPU.Build.0 = Debug|Any CPU
		{5161F041-B57C-4CE1-B922-7311B50842F2}.Release|Any CPU.ActiveCfg = Release|Any CPU
		{5161F041-B57C-4CE1-B922-7311B50842F2}.Release|Any CPU.Build.0 = Release|Any CPU
		{5FACD627-F52A-43C5-94B0-5814A21AE55E}.Debug|Any CPU.ActiveCfg = Debug|Any CPU
		{5FACD627-F52A-43C5-94B0-5814A21AE55E}.Debug|Any CPU.Build.0 = Debug|Any CPU
		{5FACD627-F52A-43C5-94B0-5814A21AE55E}.Release|Any CPU.ActiveCfg = Release|Any CPU
		{5FACD627-F52A-43C5-94B0-5814A21AE55E}.Release|Any CPU.Build.0 = Release|Any CPU
		{7FFF72C7-0EC6-462B-BC49-87243EEBC7C6}.Debug|Any CPU.ActiveCfg = Debug|Any CPU
		{7FFF72C7-0EC6-462B-BC49-87243EEBC7C6}.Debug|Any CPU.Build.0 = Debug|Any CPU
		{7FFF72C7-0EC6-462B-BC49-87243EEBC7C6}.Release|Any CPU.ActiveCfg = Release|Any CPU
		{7FFF72C7-0EC6-462B-BC49-87243EEBC7C6}.Release|Any CPU.Build.0 = Release|Any CPU
		{4B5F270C-1CD0-4D2F-BA88-22F38FABE368}.Debug|Any CPU.ActiveCfg = Debug|Any CPU
		{4B5F270C-1CD0-4D2F-BA88-22F38FABE368}.Debug|Any CPU.Build.0 = Debug|Any CPU
		{4B5F270C-1CD0-4D2F-BA88-22F38FABE368}.Release|Any CPU.ActiveCfg = Release|Any CPU
		{4B5F270C-1CD0-4D2F-BA88-22F38FABE368}.Release|Any CPU.Build.0 = Release|Any CPU
		{4C1D97B4-0E78-4948-B045-9C6DA8F77F27}.Debug|Any CPU.ActiveCfg = Debug|Any CPU
		{4C1D97B4-0E78-4948-B045-9C6DA8F77F27}.Debug|Any CPU.Build.0 = Debug|Any CPU
		{4C1D97B4-0E78-4948-B045-9C6DA8F77F27}.Release|Any CPU.ActiveCfg = Release|Any CPU
		{4C1D97B4-0E78-4948-B045-9C6DA8F77F27}.Release|Any CPU.Build.0 = Release|Any CPU
		{C24F473B-4442-4990-B87D-A8724CA63720}.Debug|Any CPU.ActiveCfg = Debug|Any CPU
		{C24F473B-4442-4990-B87D-A8724CA63720}.Debug|Any CPU.Build.0 = Debug|Any CPU
		{C24F473B-4442-4990-B87D-A8724CA63720}.Release|Any CPU.ActiveCfg = Release|Any CPU
		{C24F473B-4442-4990-B87D-A8724CA63720}.Release|Any CPU.Build.0 = Release|Any CPU
		{A8D34213-3B21-4C15-8BD1-9FD3006B4FF0}.Debug|Any CPU.ActiveCfg = Debug|Any CPU
		{A8D34213-3B21-4C15-8BD1-9FD3006B4FF0}.Debug|Any CPU.Build.0 = Debug|Any CPU
		{A8D34213-3B21-4C15-8BD1-9FD3006B4FF0}.Release|Any CPU.ActiveCfg = Release|Any CPU
		{A8D34213-3B21-4C15-8BD1-9FD3006B4FF0}.Release|Any CPU.Build.0 = Release|Any CPU
	EndGlobalSection
	GlobalSection(SolutionProperties) = preSolution
		HideSolutionNode = FALSE
	EndGlobalSection
	GlobalSection(ExtensibilityGlobals) = postSolution
		SolutionGuid = {07C264DB-6F5C-42C3-A9E4-A60A112B2D5A}
	EndGlobalSection
EndGlobal
